<?xml version="1.0" encoding="utf-8"?>
<Project ToolsVersion="4.0" xmlns="http://schemas.microsoft.com/developer/msbuild/2003">
  <ItemGroup>
    <Filter Include="Source Files">
      <UniqueIdentifier>{4FC737F1-C7A5-4376-A066-2A32D752A2FF}</UniqueIdentifier>
      <Extensions>cpp;c;cc;cxx;def;odl;idl;hpj;bat;asm;asmx</Extensions>
    </Filter>
    <Filter Include="Header Files">
      <UniqueIdentifier>{93995380-89BD-4b04-88EB-625FBE52EBFB}</UniqueIdentifier>
      <Extensions>h;hh;hpp;hxx;hm;inl;inc;xsd</Extensions>
    </Filter>
    <Filter Include="Resource Files">
      <UniqueIdentifier>{67DA6AB6-F800-4c08-8B7A-83BB121AAD01}</UniqueIdentifier>
      <Extensions>rc;ico;cur;bmp;dlg;rc2;rct;bin;rgs;gif;jpg;jpeg;jpe;resx;tiff;tif;png;wav;mfcribbon-ms</Extensions>
    </Filter>
  </ItemGroup>
  <ItemGroup>
    <ClCompile Include="shader\LightShader.cpp">
      <Filter>Source Files</Filter>
    </ClCompile>
    <ClCompile Include="shader\SkydomeShader.cpp">
      <Filter>Source Files</Filter>
    </ClCompile>
    <ClCompile Include="shader\TerrainShader.cpp">
      <Filter>Source Files</Filter>
    </ClCompile>
    <ClCompile Include="shader\TextureShader.cpp">
      <Filter>Source Files</Filter>
    </ClCompile>
    <ClCompile Include="shader\FontShader.cpp">
      <Filter>Source Files</Filter>
    </ClCompile>
    <ClCompile Include="shader\ColorShader.cpp">
      <Filter>Source Files</Filter>
    </ClCompile>
    <ClCompile Include="terrain\Terrain.cpp">
      <Filter>Source Files</Filter>
    </ClCompile>
    <ClCompile Include="terrain\TerrainCells.cpp">
      <Filter>Source Files</Filter>
    </ClCompile>
    <ClCompile Include="utilities\Timer.cpp">
      <Filter>Source Files</Filter>
    </ClCompile>
    <ClCompile Include="utilities\FramesPerSec.cpp">
      <Filter>Source Files</Filter>
    </ClCompile>
    <ClCompile Include="render3d\Model.cpp">
      <Filter>Source Files</Filter>
    </ClCompile>
    <ClCompile Include="render3d\Skydome.cpp">
      <Filter>Source Files</Filter>
    </ClCompile>
    <ClCompile Include="utilitiesfrw\Frustrum.cpp">
      <Filter>Source Files</Filter>
    </ClCompile>
    <ClCompile Include="utilitiesfrw\Light.cpp">
      <Filter>Source Files</Filter>
    </ClCompile>
    <ClCompile Include="utilitiesfrw\Position.cpp">
      <Filter>Source Files</Filter>
    </ClCompile>
    <ClCompile Include="utilitiesfrw\Texture.cpp">
      <Filter>Source Files</Filter>
    </ClCompile>
    <ClCompile Include="framework\ShaderManager.cpp">
      <Filter>Source Files</Filter>
    </ClCompile>
    <ClCompile Include="framework\System.cpp">
      <Filter>Source Files</Filter>
    </ClCompile>
    <ClCompile Include="framework\Input.cpp">
      <Filter>Source Files</Filter>
    </ClCompile>
    <ClCompile Include="framework\D3DManager.cpp">
      <Filter>Source Files</Filter>
    </ClCompile>
    <ClCompile Include="framework\Camera.cpp">
      <Filter>Source Files</Filter>
    </ClCompile>
    <ClCompile Include="framework\Application.cpp">
      <Filter>Source Files</Filter>
    </ClCompile>
    <ClCompile Include="framework\main.cpp">
      <Filter>Source Files</Filter>
    </ClCompile>
    <ClCompile Include="zdeprecated\Graphics.cpp">
      <Filter>Source Files</Filter>
    </ClCompile>
    <ClCompile Include="framework\Scene.cpp">
      <Filter>Source Files</Filter>
    </ClCompile>
    <ClCompile Include="utilitiesfrw\RenderTexture.cpp">
      <Filter>Source Files</Filter>
    </ClCompile>
    <ClCompile Include="utilitiesfrw\DeferredBuffers.cpp">
      <Filter>Source Files</Filter>
    </ClCompile>
    <ClCompile Include="shader\DeferredShader.cpp">
      <Filter>Source Files</Filter>
    </ClCompile>
    <ClCompile Include="utilitiesfrw\OrthoWindow.cpp">
      <Filter>Source Files</Filter>
    </ClCompile>
    <ClCompile Include="framework\ApePCH.cpp">
      <Filter>Source Files</Filter>
    </ClCompile>
    <ClCompile Include="utilities\GlobalStructs.cpp">
      <Filter>Source Files</Filter>
    </ClCompile>
    <ClCompile Include="WIP\ApeTexture.cpp">
      <Filter>Source Files</Filter>
    </ClCompile>
    <ClCompile Include="utilitiesfrw\Materials.cpp">
      <Filter>Source Files</Filter>
    </ClCompile>
    <ClCompile Include="render2d\Bitmap.cpp">
      <Filter>Source Files</Filter>
    </ClCompile>
  </ItemGroup>
  <ItemGroup>
    <ClInclude Include="shader\LightShader.h">
      <Filter>Header Files</Filter>
    </ClInclude>
    <ClInclude Include="shader\SkydomeShader.h">
      <Filter>Header Files</Filter>
    </ClInclude>
    <ClInclude Include="shader\TerrainShader.h">
      <Filter>Header Files</Filter>
    </ClInclude>
    <ClInclude Include="shader\TextureShader.h">
      <Filter>Header Files</Filter>
    </ClInclude>
    <ClInclude Include="shader\FontShader.h">
      <Filter>Header Files</Filter>
    </ClInclude>
    <ClInclude Include="shader\ColorShader.h">
      <Filter>Header Files</Filter>
    </ClInclude>
    <ClInclude Include="terrain\Terrain.h">
      <Filter>Header Files</Filter>
    </ClInclude>
    <ClInclude Include="terrain\TerrainCells.h">
      <Filter>Header Files</Filter>
    </ClInclude>
    <ClInclude Include="utilities\Timer.h">
      <Filter>Header Files</Filter>
    </ClInclude>
    <ClInclude Include="utilities\FramesPerSec.h">
      <Filter>Header Files</Filter>
    </ClInclude>
    <ClInclude Include="render3d\Model.h">
      <Filter>Header Files</Filter>
    </ClInclude>
    <ClInclude Include="render3d\Skydome.h">
      <Filter>Header Files</Filter>
    </ClInclude>
    <ClInclude Include="utilitiesfrw\Frustrum.h">
      <Filter>Header Files</Filter>
    </ClInclude>
    <ClInclude Include="utilitiesfrw\Light.h">
      <Filter>Header Files</Filter>
    </ClInclude>
    <ClInclude Include="utilitiesfrw\Position.h">
      <Filter>Header Files</Filter>
    </ClInclude>
    <ClInclude Include="utilitiesfrw\Texture.h">
      <Filter>Header Files</Filter>
    </ClInclude>
    <ClInclude Include="framework\ShaderManager.h">
      <Filter>Header Files</Filter>
    </ClInclude>
    <ClInclude Include="framework\System.h">
      <Filter>Header Files</Filter>
    </ClInclude>
    <ClInclude Include="framework\Input.h">
      <Filter>Header Files</Filter>
    </ClInclude>
    <ClInclude Include="framework\D3DManager.h">
      <Filter>Header Files</Filter>
    </ClInclude>
    <ClInclude Include="framework\Camera.h">
      <Filter>Header Files</Filter>
    </ClInclude>
    <ClInclude Include="framework\Application.h">
      <Filter>Header Files</Filter>
    </ClInclude>
    <ClInclude Include="zdeprecated\Graphics.h">
      <Filter>Header Files</Filter>
    </ClInclude>
    <ClInclude Include="framework\Scene.h">
      <Filter>Header Files</Filter>
    </ClInclude>
    <ClInclude Include="utilitiesfrw\RenderTexture.h">
      <Filter>Header Files</Filter>
    </ClInclude>
    <ClInclude Include="utilitiesfrw\DeferredBuffers.h">
      <Filter>Header Files</Filter>
    </ClInclude>
    <ClInclude Include="shader\DeferredShader.h">
      <Filter>Header Files</Filter>
    </ClInclude>
    <ClInclude Include="utilitiesfrw\OrthoWindow.h">
      <Filter>Header Files</Filter>
    </ClInclude>
    <ClInclude Include="WIP\Texture.h">
      <Filter>Header Files</Filter>
    </ClInclude>
    <ClInclude Include="WIP\ClearFlags.h">
      <Filter>Header Files</Filter>
    </ClInclude>
    <ClInclude Include="framework\ApePCH.h">
      <Filter>Header Files</Filter>
    </ClInclude>
    <ClInclude Include="utilitiesfrw\CPUAccess.h">
      <Filter>Header Files</Filter>
    </ClInclude>
    <ClInclude Include="utilities\GlobalStructs.h">
      <Filter>Header Files</Filter>
    </ClInclude>
    <ClInclude Include="WIP\ApeTexture.h">
      <Filter>Header Files</Filter>
    </ClInclude>
    <ClInclude Include="utilitiesfrw\Materials.h">
      <Filter>Header Files</Filter>
    </ClInclude>
    <ClInclude Include="render2d\Bitmap.h">
      <Filter>Header Files</Filter>
    </ClInclude>
  </ItemGroup>
  <ItemGroup>
    <Text Include="data\shaders\shader-error.txt" />
  </ItemGroup>
  <ItemGroup>
    <None Include="packages.config" />
  </ItemGroup>
</Project>